
Microsoft Visual Studio Solution File, Format Version 12.00
# Visual Studio Version 16
VisualStudioVersion = 16.0.30225.117
MinimumVisualStudioVersion = 10.0.40219.1
Project("{FAE04EC0-301F-11D3-BF4B-00C04F79EFBC}") = "ProxyProyecto", "ProxyProyecto\ProxyProyecto.csproj", "{7B551E9F-019A-4A0A-AAED-CA3E1F3A7E25}"
EndProject
Global
	GlobalSection(SolutionConfigurationPlatforms) = preSolution
		Debug|Any CPU = Debug|Any CPU
		Release|Any CPU = Release|Any CPU
	EndGlobalSection
	GlobalSection(ProjectConfigurationPlatforms) = postSolution
		{7B551E9F-019A-4A0A-AAED-CA3E1F3A7E25}.Debug|Any CPU.ActiveCfg = Debug|Any CPU
		{7B551E9F-019A-4A0A-AAED-CA3E1F3A7E25}.Debug|Any CPU.Build.0 = Debug|Any CPU
		{7B551E9F-019A-4A0A-AAED-CA3E1F3A7E25}.Release|Any CPU.ActiveCfg = Release|Any CPU
		{7B551E9F-019A-4A0A-AAED-CA3E1F3A7E25}.Release|Any CPU.Build.0 = Release|Any CPU
	EndGlobalSection
	GlobalSection(SolutionProperties) = preSolution
		HideSolutionNode = FALSE
	EndGlobalSection
	GlobalSection(ExtensibilityGlobals) = postSolution
		SolutionGuid = {D1FA49E2-D858-4833-A1F4-D6A5FF0BD9E8}
	EndGlobalSection
EndGlobal
